// !$*UTF8*$!
{
	archiveVersion = 1;
	classes = {
	};
	objectVersion = 50;
	objects = {

/* Begin PBXBuildFile section */
		9994DC02CF888F8371EC0186 /* Pods_MegaBox.framework in Frameworks */ = {isa = PBXBuildFile; fileRef = 3D5938270819C4F9728D0770 /* Pods_MegaBox.framework */; };
		CFBC1C7622E0298F006B6839 /* AppDelegate.swift in Sources */ = {isa = PBXBuildFile; fileRef = CFBC1C7522E0298F006B6839 /* AppDelegate.swift */; };
		CFBC1C7822E0298F006B6839 /* MainViewController.swift in Sources */ = {isa = PBXBuildFile; fileRef = CFBC1C7722E0298F006B6839 /* MainViewController.swift */; };
		CFBC1C7D22E02991006B6839 /* Assets.xcassets in Resources */ = {isa = PBXBuildFile; fileRef = CFBC1C7C22E02991006B6839 /* Assets.xcassets */; };
		CFBC1C8022E02991006B6839 /* LaunchScreen.storyboard in Resources */ = {isa = PBXBuildFile; fileRef = CFBC1C7E22E02991006B6839 /* LaunchScreen.storyboard */; };
		CFBC1C9122E02A4A006B6839 /* Protocol.swift in Sources */ = {isa = PBXBuildFile; fileRef = CFBC1C9022E02A4A006B6839 /* Protocol.swift */; };
		CFBC1C9322E02A66006B6839 /* Label.swift in Sources */ = {isa = PBXBuildFile; fileRef = CFBC1C9222E02A66006B6839 /* Label.swift */; };
		CFBC1C9522E02A95006B6839 /* StackView.swift in Sources */ = {isa = PBXBuildFile; fileRef = CFBC1C9422E02A95006B6839 /* StackView.swift */; };
		CFBC1C9722E02AAA006B6839 /* LoginViewController.swift in Sources */ = {isa = PBXBuildFile; fileRef = CFBC1C9622E02AAA006B6839 /* LoginViewController.swift */; };
		CFBC1C9922E02ADE006B6839 /* NavigationDrawerViewController.swift in Sources */ = {isa = PBXBuildFile; fileRef = CFBC1C9822E02ADE006B6839 /* NavigationDrawerViewController.swift */; };
		CFBC1C9B22E02AF5006B6839 /* QuickReservationViewController.swift in Sources */ = {isa = PBXBuildFile; fileRef = CFBC1C9A22E02AF4006B6839 /* QuickReservationViewController.swift */; };
		CFBC1C9D22E02B0F006B6839 /* TheaterCategoryReservationViewController.swift in Sources */ = {isa = PBXBuildFile; fileRef = CFBC1C9C22E02B0F006B6839 /* TheaterCategoryReservationViewController.swift */; };
		CFBC1C9F22E02B38006B6839 /* MovieCategoryReservationViewController.swift in Sources */ = {isa = PBXBuildFile; fileRef = CFBC1C9E22E02B38006B6839 /* MovieCategoryReservationViewController.swift */; };
		CFBC1CA122E02B4C006B6839 /* MovieCategorySelectTheaterViewController.swift in Sources */ = {isa = PBXBuildFile; fileRef = CFBC1CA022E02B4C006B6839 /* MovieCategorySelectTheaterViewController.swift */; };
		CFBC1CA322E02B70006B6839 /* SelectPersonCountViewController.swift in Sources */ = {isa = PBXBuildFile; fileRef = CFBC1CA222E02B70006B6839 /* SelectPersonCountViewController.swift */; };
		CFBC1CA522E02B8B006B6839 /* SelectSeatViewController.swift in Sources */ = {isa = PBXBuildFile; fileRef = CFBC1CA422E02B8B006B6839 /* SelectSeatViewController.swift */; };
		CFBC1CA722E02B96006B6839 /* MyPageViewController.swift in Sources */ = {isa = PBXBuildFile; fileRef = CFBC1CA622E02B96006B6839 /* MyPageViewController.swift */; };
		CFBC1CA922E02BBB006B6839 /* LoginView.swift in Sources */ = {isa = PBXBuildFile; fileRef = CFBC1CA822E02BBB006B6839 /* LoginView.swift */; };
		CFBC1CAB22E02BD2006B6839 /* NavigationDrawerView.swift in Sources */ = {isa = PBXBuildFile; fileRef = CFBC1CAA22E02BD2006B6839 /* NavigationDrawerView.swift */; };
		CFBC1CAD22E02BDC006B6839 /* MainTopView.swift in Sources */ = {isa = PBXBuildFile; fileRef = CFBC1CAC22E02BDC006B6839 /* MainTopView.swift */; };
		CFBC1CAF22E02BE8006B6839 /* QuickReservationView.swift in Sources */ = {isa = PBXBuildFile; fileRef = CFBC1CAE22E02BE8006B6839 /* QuickReservationView.swift */; };
		CFBC1CB122E02BFC006B6839 /* TheaterCategoryReservationView.swift in Sources */ = {isa = PBXBuildFile; fileRef = CFBC1CB022E02BFC006B6839 /* TheaterCategoryReservationView.swift */; };
		CFBC1CB322E02C07006B6839 /* TheaterCategoryReservationHeaderView.swift in Sources */ = {isa = PBXBuildFile; fileRef = CFBC1CB222E02C07006B6839 /* TheaterCategoryReservationHeaderView.swift */; };
		CFBC1CB522E02C17006B6839 /* MovieCategoryReservationView.swift in Sources */ = {isa = PBXBuildFile; fileRef = CFBC1CB422E02C17006B6839 /* MovieCategoryReservationView.swift */; };
		CFBC1CB722E02C2F006B6839 /* MovieCategorySelectTheaterView.swift in Sources */ = {isa = PBXBuildFile; fileRef = CFBC1CB622E02C2F006B6839 /* MovieCategorySelectTheaterView.swift */; };
		CFBC1CB922E02C60006B6839 /* SelectPersonCountView.swift in Sources */ = {isa = PBXBuildFile; fileRef = CFBC1CB822E02C60006B6839 /* SelectPersonCountView.swift */; };
		CFBC1CBB22E02C6E006B6839 /* MyPageTopView.swift in Sources */ = {isa = PBXBuildFile; fileRef = CFBC1CBA22E02C6E006B6839 /* MyPageTopView.swift */; };
		CFBC1CBD22E02C7C006B6839 /* MyPageContentView.swift in Sources */ = {isa = PBXBuildFile; fileRef = CFBC1CBC22E02C7C006B6839 /* MyPageContentView.swift */; };
		CFBC1CBF22E02D0D006B6839 /* MenuTitleCell.swift in Sources */ = {isa = PBXBuildFile; fileRef = CFBC1CBE22E02D0D006B6839 /* MenuTitleCell.swift */; };
		CFBC1CC122E02D1F006B6839 /* MovieListCell.swift in Sources */ = {isa = PBXBuildFile; fileRef = CFBC1CC022E02D1F006B6839 /* MovieListCell.swift */; };
		CFBC1CC322E02D4A006B6839 /* MainTopMediaPlayCell.swift in Sources */ = {isa = PBXBuildFile; fileRef = CFBC1CC222E02D4A006B6839 /* MainTopMediaPlayCell.swift */; };
		CFBC1CC522E02D62006B6839 /* MainMovieReservationCell.swift in Sources */ = {isa = PBXBuildFile; fileRef = CFBC1CC422E02D62006B6839 /* MainMovieReservationCell.swift */; };
		CFBC1CC722E02D79006B6839 /* MovieReservationCollectionCell.swift in Sources */ = {isa = PBXBuildFile; fileRef = CFBC1CC622E02D79006B6839 /* MovieReservationCollectionCell.swift */; };
		CFBC1CC922E02D8B006B6839 /* MainShortMenuCell.swift in Sources */ = {isa = PBXBuildFile; fileRef = CFBC1CC822E02D8B006B6839 /* MainShortMenuCell.swift */; };
		CFBC1CCB22E02D9C006B6839 /* MainAdCell.swift in Sources */ = {isa = PBXBuildFile; fileRef = CFBC1CCA22E02D9C006B6839 /* MainAdCell.swift */; };
		CFBC1CCD22E02DAB006B6839 /* MainEventCell.swift in Sources */ = {isa = PBXBuildFile; fileRef = CFBC1CCC22E02DAB006B6839 /* MainEventCell.swift */; };
		CFBC1CCF22E02DBE006B6839 /* EventCollectionCell.swift in Sources */ = {isa = PBXBuildFile; fileRef = CFBC1CCE22E02DBE006B6839 /* EventCollectionCell.swift */; };
		CFBC1CD122E02DEE006B6839 /* MainMovieBoxCell.swift in Sources */ = {isa = PBXBuildFile; fileRef = CFBC1CD022E02DEE006B6839 /* MainMovieBoxCell.swift */; };
		CFBC1CD322E02E00006B6839 /* MainMoviePostCell.swift in Sources */ = {isa = PBXBuildFile; fileRef = CFBC1CD222E02E00006B6839 /* MainMoviePostCell.swift */; };
		CFBC1CD522E02E14006B6839 /* MainBranchNewsCell.swift in Sources */ = {isa = PBXBuildFile; fileRef = CFBC1CD422E02E14006B6839 /* MainBranchNewsCell.swift */; };
		CFBC1CD722E02E22006B6839 /* MainNotificationCell.swift in Sources */ = {isa = PBXBuildFile; fileRef = CFBC1CD622E02E22006B6839 /* MainNotificationCell.swift */; };
		CFBC1CD922E02E41006B6839 /* TheaterCategoryAdCollectionCell.swift in Sources */ = {isa = PBXBuildFile; fileRef = CFBC1CD822E02E41006B6839 /* TheaterCategoryAdCollectionCell.swift */; };
		CFBC1CDB22E02E53006B6839 /* TheaterCategoryCell.swift in Sources */ = {isa = PBXBuildFile; fileRef = CFBC1CDA22E02E53006B6839 /* TheaterCategoryCell.swift */; };
		CFBC1CDD22E02E6E006B6839 /* NavigationDrawerAdCell.swift in Sources */ = {isa = PBXBuildFile; fileRef = CFBC1CDC22E02E6E006B6839 /* NavigationDrawerAdCell.swift */; };
		CFBC1CDF22E02E86006B6839 /* NavigationDrawerCell.swift in Sources */ = {isa = PBXBuildFile; fileRef = CFBC1CDE22E02E86006B6839 /* NavigationDrawerCell.swift */; };
		CFBC1CE122E02EA8006B6839 /* MyPageFourContentCell.swift in Sources */ = {isa = PBXBuildFile; fileRef = CFBC1CE022E02EA8006B6839 /* MyPageFourContentCell.swift */; };
		CFBC1CE322E02EB8006B6839 /* MyPageHeaderCell.swift in Sources */ = {isa = PBXBuildFile; fileRef = CFBC1CE222E02EB8006B6839 /* MyPageHeaderCell.swift */; };
		CFBC1CE522E02EC8006B6839 /* MyPageOneContentCell.swift in Sources */ = {isa = PBXBuildFile; fileRef = CFBC1CE422E02EC8006B6839 /* MyPageOneContentCell.swift */; };
		CFBC1CE722E02ED7006B6839 /* MyPageThreeContentCell.swift in Sources */ = {isa = PBXBuildFile; fileRef = CFBC1CE622E02ED7006B6839 /* MyPageThreeContentCell.swift */; };
		CFBC1CE922E02F02006B6839 /* MyPageTwoContentCell.swift in Sources */ = {isa = PBXBuildFile; fileRef = CFBC1CE822E02F02006B6839 /* MyPageTwoContentCell.swift */; };
		CFBC1CEC22E180FD006B6839 /* MovieData.swift in Sources */ = {isa = PBXBuildFile; fileRef = CFBC1CEB22E180FD006B6839 /* MovieData.swift */; };
		CFBC1CEE22E1810B006B6839 /* NetworkService.swift in Sources */ = {isa = PBXBuildFile; fileRef = CFBC1CED22E1810B006B6839 /* NetworkService.swift */; };
		CFBC1CF022E1829F006B6839 /* RegionData.swift in Sources */ = {isa = PBXBuildFile; fileRef = CFBC1CEF22E1829F006B6839 /* RegionData.swift */; };
		CFBC1CF222E1947E006B6839 /* TheaterCategorySelectTheaterViewController.swift in Sources */ = {isa = PBXBuildFile; fileRef = CFBC1CF122E1947E006B6839 /* TheaterCategorySelectTheaterViewController.swift */; };
		CFBC1CF422E194AD006B6839 /* TheaterCategorySelectTheaterView.swift in Sources */ = {isa = PBXBuildFile; fileRef = CFBC1CF322E194AD006B6839 /* TheaterCategorySelectTheaterView.swift */; };
		CFBC1CF622E19C90006B6839 /* TheaterCategorySelectTheaterRegionCell.swift in Sources */ = {isa = PBXBuildFile; fileRef = CFBC1CF522E19C90006B6839 /* TheaterCategorySelectTheaterRegionCell.swift */; };
		CFBC1CF822E19CA1006B6839 /* TheaterCategorySelectTheaterRegionListCell.swift in Sources */ = {isa = PBXBuildFile; fileRef = CFBC1CF722E19CA1006B6839 /* TheaterCategorySelectTheaterRegionListCell.swift */; };
		CFBC1CFE22E1A238006B6839 /* Button.swift in Sources */ = {isa = PBXBuildFile; fileRef = CFBC1CFD22E1A238006B6839 /* Button.swift */; };
		CFC9724922E5841A00199FD0 /* TheaterCategorySelectTheaterEmptyCell.swift in Sources */ = {isa = PBXBuildFile; fileRef = CFC9724822E5841A00199FD0 /* TheaterCategorySelectTheaterEmptyCell.swift */; };
		CFC9724B22E5A21600199FD0 /* Color.swift in Sources */ = {isa = PBXBuildFile; fileRef = CFC9724A22E5A21600199FD0 /* Color.swift */; };
/* End PBXBuildFile section */

/* Begin PBXFileReference section */
		328D43D246D883E45A2C9055 /* Pods-MegaBox.debug.xcconfig */ = {isa = PBXFileReference; includeInIndex = 1; lastKnownFileType = text.xcconfig; name = "Pods-MegaBox.debug.xcconfig"; path = "Target Support Files/Pods-MegaBox/Pods-MegaBox.debug.xcconfig"; sourceTree = "<group>"; };
		3D5938270819C4F9728D0770 /* Pods_MegaBox.framework */ = {isa = PBXFileReference; explicitFileType = wrapper.framework; includeInIndex = 0; path = Pods_MegaBox.framework; sourceTree = BUILT_PRODUCTS_DIR; };
		CFBC1C7222E0298F006B6839 /* MegaBox.app */ = {isa = PBXFileReference; explicitFileType = wrapper.application; includeInIndex = 0; path = MegaBox.app; sourceTree = BUILT_PRODUCTS_DIR; };
		CFBC1C7522E0298F006B6839 /* AppDelegate.swift */ = {isa = PBXFileReference; lastKnownFileType = sourcecode.swift; path = AppDelegate.swift; sourceTree = "<group>"; };
		CFBC1C7722E0298F006B6839 /* MainViewController.swift */ = {isa = PBXFileReference; lastKnownFileType = sourcecode.swift; path = MainViewController.swift; sourceTree = "<group>"; };
		CFBC1C7C22E02991006B6839 /* Assets.xcassets */ = {isa = PBXFileReference; lastKnownFileType = folder.assetcatalog; path = Assets.xcassets; sourceTree = "<group>"; };
		CFBC1C7F22E02991006B6839 /* Base */ = {isa = PBXFileReference; lastKnownFileType = file.storyboard; name = Base; path = Base.lproj/LaunchScreen.storyboard; sourceTree = "<group>"; };
		CFBC1C8122E02991006B6839 /* Info.plist */ = {isa = PBXFileReference; lastKnownFileType = text.plist.xml; path = Info.plist; sourceTree = "<group>"; };
		CFBC1C9022E02A4A006B6839 /* Protocol.swift */ = {isa = PBXFileReference; lastKnownFileType = sourcecode.swift; path = Protocol.swift; sourceTree = "<group>"; };
		CFBC1C9222E02A66006B6839 /* Label.swift */ = {isa = PBXFileReference; lastKnownFileType = sourcecode.swift; path = Label.swift; sourceTree = "<group>"; };
		CFBC1C9422E02A95006B6839 /* StackView.swift */ = {isa = PBXFileReference; lastKnownFileType = sourcecode.swift; path = StackView.swift; sourceTree = "<group>"; };
		CFBC1C9622E02AAA006B6839 /* LoginViewController.swift */ = {isa = PBXFileReference; lastKnownFileType = sourcecode.swift; path = LoginViewController.swift; sourceTree = "<group>"; };
		CFBC1C9822E02ADE006B6839 /* NavigationDrawerViewController.swift */ = {isa = PBXFileReference; lastKnownFileType = sourcecode.swift; path = NavigationDrawerViewController.swift; sourceTree = "<group>"; };
		CFBC1C9A22E02AF4006B6839 /* QuickReservationViewController.swift */ = {isa = PBXFileReference; lastKnownFileType = sourcecode.swift; path = QuickReservationViewController.swift; sourceTree = "<group>"; };
		CFBC1C9C22E02B0F006B6839 /* TheaterCategoryReservationViewController.swift */ = {isa = PBXFileReference; lastKnownFileType = sourcecode.swift; path = TheaterCategoryReservationViewController.swift; sourceTree = "<group>"; };
		CFBC1C9E22E02B38006B6839 /* MovieCategoryReservationViewController.swift */ = {isa = PBXFileReference; lastKnownFileType = sourcecode.swift; path = MovieCategoryReservationViewController.swift; sourceTree = "<group>"; };
		CFBC1CA022E02B4C006B6839 /* MovieCategorySelectTheaterViewController.swift */ = {isa = PBXFileReference; lastKnownFileType = sourcecode.swift; path = MovieCategorySelectTheaterViewController.swift; sourceTree = "<group>"; };
		CFBC1CA222E02B70006B6839 /* SelectPersonCountViewController.swift */ = {isa = PBXFileReference; lastKnownFileType = sourcecode.swift; path = SelectPersonCountViewController.swift; sourceTree = "<group>"; };
		CFBC1CA422E02B8B006B6839 /* SelectSeatViewController.swift */ = {isa = PBXFileReference; lastKnownFileType = sourcecode.swift; path = SelectSeatViewController.swift; sourceTree = "<group>"; };
		CFBC1CA622E02B96006B6839 /* MyPageViewController.swift */ = {isa = PBXFileReference; lastKnownFileType = sourcecode.swift; path = MyPageViewController.swift; sourceTree = "<group>"; };
		CFBC1CA822E02BBB006B6839 /* LoginView.swift */ = {isa = PBXFileReference; lastKnownFileType = sourcecode.swift; path = LoginView.swift; sourceTree = "<group>"; };
		CFBC1CAA22E02BD2006B6839 /* NavigationDrawerView.swift */ = {isa = PBXFileReference; lastKnownFileType = sourcecode.swift; path = NavigationDrawerView.swift; sourceTree = "<group>"; };
		CFBC1CAC22E02BDC006B6839 /* MainTopView.swift */ = {isa = PBXFileReference; lastKnownFileType = sourcecode.swift; path = MainTopView.swift; sourceTree = "<group>"; };
		CFBC1CAE22E02BE8006B6839 /* QuickReservationView.swift */ = {isa = PBXFileReference; lastKnownFileType = sourcecode.swift; path = QuickReservationView.swift; sourceTree = "<group>"; };
		CFBC1CB022E02BFC006B6839 /* TheaterCategoryReservationView.swift */ = {isa = PBXFileReference; lastKnownFileType = sourcecode.swift; path = TheaterCategoryReservationView.swift; sourceTree = "<group>"; };
		CFBC1CB222E02C07006B6839 /* TheaterCategoryReservationHeaderView.swift */ = {isa = PBXFileReference; lastKnownFileType = sourcecode.swift; path = TheaterCategoryReservationHeaderView.swift; sourceTree = "<group>"; };
		CFBC1CB422E02C17006B6839 /* MovieCategoryReservationView.swift */ = {isa = PBXFileReference; lastKnownFileType = sourcecode.swift; path = MovieCategoryReservationView.swift; sourceTree = "<group>"; };
		CFBC1CB622E02C2F006B6839 /* MovieCategorySelectTheaterView.swift */ = {isa = PBXFileReference; lastKnownFileType = sourcecode.swift; path = MovieCategorySelectTheaterView.swift; sourceTree = "<group>"; };
		CFBC1CB822E02C60006B6839 /* SelectPersonCountView.swift */ = {isa = PBXFileReference; lastKnownFileType = sourcecode.swift; path = SelectPersonCountView.swift; sourceTree = "<group>"; };
		CFBC1CBA22E02C6E006B6839 /* MyPageTopView.swift */ = {isa = PBXFileReference; lastKnownFileType = sourcecode.swift; path = MyPageTopView.swift; sourceTree = "<group>"; };
		CFBC1CBC22E02C7C006B6839 /* MyPageContentView.swift */ = {isa = PBXFileReference; lastKnownFileType = sourcecode.swift; path = MyPageContentView.swift; sourceTree = "<group>"; };
		CFBC1CBE22E02D0D006B6839 /* MenuTitleCell.swift */ = {isa = PBXFileReference; lastKnownFileType = sourcecode.swift; path = MenuTitleCell.swift; sourceTree = "<group>"; };
		CFBC1CC022E02D1F006B6839 /* MovieListCell.swift */ = {isa = PBXFileReference; lastKnownFileType = sourcecode.swift; path = MovieListCell.swift; sourceTree = "<group>"; };
		CFBC1CC222E02D4A006B6839 /* MainTopMediaPlayCell.swift */ = {isa = PBXFileReference; lastKnownFileType = sourcecode.swift; path = MainTopMediaPlayCell.swift; sourceTree = "<group>"; };
		CFBC1CC422E02D62006B6839 /* MainMovieReservationCell.swift */ = {isa = PBXFileReference; lastKnownFileType = sourcecode.swift; path = MainMovieReservationCell.swift; sourceTree = "<group>"; };
		CFBC1CC622E02D79006B6839 /* MovieReservationCollectionCell.swift */ = {isa = PBXFileReference; lastKnownFileType = sourcecode.swift; path = MovieReservationCollectionCell.swift; sourceTree = "<group>"; };
		CFBC1CC822E02D8B006B6839 /* MainShortMenuCell.swift */ = {isa = PBXFileReference; lastKnownFileType = sourcecode.swift; path = MainShortMenuCell.swift; sourceTree = "<group>"; };
		CFBC1CCA22E02D9C006B6839 /* MainAdCell.swift */ = {isa = PBXFileReference; lastKnownFileType = sourcecode.swift; path = MainAdCell.swift; sourceTree = "<group>"; };
		CFBC1CCC22E02DAB006B6839 /* MainEventCell.swift */ = {isa = PBXFileReference; lastKnownFileType = sourcecode.swift; path = MainEventCell.swift; sourceTree = "<group>"; };
		CFBC1CCE22E02DBE006B6839 /* EventCollectionCell.swift */ = {isa = PBXFileReference; lastKnownFileType = sourcecode.swift; path = EventCollectionCell.swift; sourceTree = "<group>"; };
		CFBC1CD022E02DEE006B6839 /* MainMovieBoxCell.swift */ = {isa = PBXFileReference; lastKnownFileType = sourcecode.swift; path = MainMovieBoxCell.swift; sourceTree = "<group>"; };
		CFBC1CD222E02E00006B6839 /* MainMoviePostCell.swift */ = {isa = PBXFileReference; lastKnownFileType = sourcecode.swift; path = MainMoviePostCell.swift; sourceTree = "<group>"; };
		CFBC1CD422E02E14006B6839 /* MainBranchNewsCell.swift */ = {isa = PBXFileReference; lastKnownFileType = sourcecode.swift; path = MainBranchNewsCell.swift; sourceTree = "<group>"; };
		CFBC1CD622E02E22006B6839 /* MainNotificationCell.swift */ = {isa = PBXFileReference; lastKnownFileType = sourcecode.swift; path = MainNotificationCell.swift; sourceTree = "<group>"; };
		CFBC1CD822E02E41006B6839 /* TheaterCategoryAdCollectionCell.swift */ = {isa = PBXFileReference; lastKnownFileType = sourcecode.swift; path = TheaterCategoryAdCollectionCell.swift; sourceTree = "<group>"; };
		CFBC1CDA22E02E53006B6839 /* TheaterCategoryCell.swift */ = {isa = PBXFileReference; lastKnownFileType = sourcecode.swift; path = TheaterCategoryCell.swift; sourceTree = "<group>"; };
		CFBC1CDC22E02E6E006B6839 /* NavigationDrawerAdCell.swift */ = {isa = PBXFileReference; lastKnownFileType = sourcecode.swift; path = NavigationDrawerAdCell.swift; sourceTree = "<group>"; };
		CFBC1CDE22E02E86006B6839 /* NavigationDrawerCell.swift */ = {isa = PBXFileReference; lastKnownFileType = sourcecode.swift; path = NavigationDrawerCell.swift; sourceTree = "<group>"; };
		CFBC1CE022E02EA8006B6839 /* MyPageFourContentCell.swift */ = {isa = PBXFileReference; lastKnownFileType = sourcecode.swift; path = MyPageFourContentCell.swift; sourceTree = "<group>"; };
		CFBC1CE222E02EB8006B6839 /* MyPageHeaderCell.swift */ = {isa = PBXFileReference; lastKnownFileType = sourcecode.swift; path = MyPageHeaderCell.swift; sourceTree = "<group>"; };
		CFBC1CE422E02EC8006B6839 /* MyPageOneContentCell.swift */ = {isa = PBXFileReference; lastKnownFileType = sourcecode.swift; path = MyPageOneContentCell.swift; sourceTree = "<group>"; };
		CFBC1CE622E02ED7006B6839 /* MyPageThreeContentCell.swift */ = {isa = PBXFileReference; lastKnownFileType = sourcecode.swift; path = MyPageThreeContentCell.swift; sourceTree = "<group>"; };
		CFBC1CE822E02F02006B6839 /* MyPageTwoContentCell.swift */ = {isa = PBXFileReference; lastKnownFileType = sourcecode.swift; path = MyPageTwoContentCell.swift; sourceTree = "<group>"; };
		CFBC1CEB22E180FD006B6839 /* MovieData.swift */ = {isa = PBXFileReference; lastKnownFileType = sourcecode.swift; path = MovieData.swift; sourceTree = "<group>"; };
		CFBC1CED22E1810B006B6839 /* NetworkService.swift */ = {isa = PBXFileReference; lastKnownFileType = sourcecode.swift; path = NetworkService.swift; sourceTree = "<group>"; };
		CFBC1CEF22E1829F006B6839 /* RegionData.swift */ = {isa = PBXFileReference; lastKnownFileType = sourcecode.swift; path = RegionData.swift; sourceTree = "<group>"; };
		CFBC1CF122E1947E006B6839 /* TheaterCategorySelectTheaterViewController.swift */ = {isa = PBXFileReference; lastKnownFileType = sourcecode.swift; path = TheaterCategorySelectTheaterViewController.swift; sourceTree = "<group>"; };
		CFBC1CF322E194AD006B6839 /* TheaterCategorySelectTheaterView.swift */ = {isa = PBXFileReference; lastKnownFileType = sourcecode.swift; path = TheaterCategorySelectTheaterView.swift; sourceTree = "<group>"; };
		CFBC1CF522E19C90006B6839 /* TheaterCategorySelectTheaterRegionCell.swift */ = {isa = PBXFileReference; lastKnownFileType = sourcecode.swift; path = TheaterCategorySelectTheaterRegionCell.swift; sourceTree = "<group>"; };
		CFBC1CF722E19CA1006B6839 /* TheaterCategorySelectTheaterRegionListCell.swift */ = {isa = PBXFileReference; lastKnownFileType = sourcecode.swift; path = TheaterCategorySelectTheaterRegionListCell.swift; sourceTree = "<group>"; };
		CFBC1CFD22E1A238006B6839 /* Button.swift */ = {isa = PBXFileReference; lastKnownFileType = sourcecode.swift; path = Button.swift; sourceTree = "<group>"; };
		CFC9724822E5841A00199FD0 /* TheaterCategorySelectTheaterEmptyCell.swift */ = {isa = PBXFileReference; lastKnownFileType = sourcecode.swift; path = TheaterCategorySelectTheaterEmptyCell.swift; sourceTree = "<group>"; };
		CFC9724A22E5A21600199FD0 /* Color.swift */ = {isa = PBXFileReference; lastKnownFileType = sourcecode.swift; path = Color.swift; sourceTree = "<group>"; };
		F238FC7C9463514149694227 /* Pods-MegaBox.release.xcconfig */ = {isa = PBXFileReference; includeInIndex = 1; lastKnownFileType = text.xcconfig; name = "Pods-MegaBox.release.xcconfig"; path = "Target Support Files/Pods-MegaBox/Pods-MegaBox.release.xcconfig"; sourceTree = "<group>"; };
/* End PBXFileReference section */

/* Begin PBXFrameworksBuildPhase section */
		CFBC1C6F22E0298F006B6839 /* Frameworks */ = {
			isa = PBXFrameworksBuildPhase;
			buildActionMask = 2147483647;
			files = (
				9994DC02CF888F8371EC0186 /* Pods_MegaBox.framework in Frameworks */,
			);
			runOnlyForDeploymentPostprocessing = 0;
		};
/* End PBXFrameworksBuildPhase section */

/* Begin PBXGroup section */
		85DD6922286E43D4E730C749 /* Frameworks */ = {
			isa = PBXGroup;
			children = (
				3D5938270819C4F9728D0770 /* Pods_MegaBox.framework */,
			);
			name = Frameworks;
			sourceTree = "<group>";
		};
		C6B37FADA8A7003DF9B929FC /* Pods */ = {
			isa = PBXGroup;
			children = (
				328D43D246D883E45A2C9055 /* Pods-MegaBox.debug.xcconfig */,
				F238FC7C9463514149694227 /* Pods-MegaBox.release.xcconfig */,
			);
			name = Pods;
			path = Pods;
			sourceTree = "<group>";
		};
		CFBC1C6922E0298F006B6839 = {
			isa = PBXGroup;
			children = (
				CFBC1C7422E0298F006B6839 /* MegaBox */,
				CFBC1C7322E0298F006B6839 /* Products */,
				C6B37FADA8A7003DF9B929FC /* Pods */,
				85DD6922286E43D4E730C749 /* Frameworks */,
			);
			sourceTree = "<group>";
		};
		CFBC1C7322E0298F006B6839 /* Products */ = {
			isa = PBXGroup;
			children = (
				CFBC1C7222E0298F006B6839 /* MegaBox.app */,
			);
			name = Products;
			sourceTree = "<group>";
		};
		CFBC1C7422E0298F006B6839 /* MegaBox */ = {
			isa = PBXGroup;
			children = (
				CFBC1C7522E0298F006B6839 /* AppDelegate.swift */,
				CFBC1C7E22E02991006B6839 /* LaunchScreen.storyboard */,
				CFBC1C8722E029CD006B6839 /* Util */,
				CFBC1C8822E029D2006B6839 /* Extensions */,
				CFBC1CEA22E1809F006B6839 /* Data */,
				CFBC1C8922E029D7006B6839 /* ViewControllers */,
				CFBC1C8A22E029DE006B6839 /* Views */,
				CFBC1C7C22E02991006B6839 /* Assets.xcassets */,
				CFBC1C8122E02991006B6839 /* Info.plist */,
			);
			path = MegaBox;
			sourceTree = "<group>";
		};
		CFBC1C8722E029CD006B6839 /* Util */ = {
			isa = PBXGroup;
			children = (
				CFBC1C9022E02A4A006B6839 /* Protocol.swift */,
			);
			path = Util;
			sourceTree = "<group>";
		};
		CFBC1C8822E029D2006B6839 /* Extensions */ = {
			isa = PBXGroup;
			children = (
				CFBC1C9222E02A66006B6839 /* Label.swift */,
				CFBC1C9422E02A95006B6839 /* StackView.swift */,
				CFBC1CFD22E1A238006B6839 /* Button.swift */,
				CFC9724A22E5A21600199FD0 /* Color.swift */,
			);
			path = Extensions;
			sourceTree = "<group>";
		};
		CFBC1C8922E029D7006B6839 /* ViewControllers */ = {
			isa = PBXGroup;
			children = (
				CFBC1C9622E02AAA006B6839 /* LoginViewController.swift */,
				CFBC1C9822E02ADE006B6839 /* NavigationDrawerViewController.swift */,
				CFBC1C7722E0298F006B6839 /* MainViewController.swift */,
				CFBC1C9A22E02AF4006B6839 /* QuickReservationViewController.swift */,
				CFBC1CF122E1947E006B6839 /* TheaterCategorySelectTheaterViewController.swift */,
				CFBC1C9C22E02B0F006B6839 /* TheaterCategoryReservationViewController.swift */,
				CFBC1C9E22E02B38006B6839 /* MovieCategoryReservationViewController.swift */,
				CFBC1CA022E02B4C006B6839 /* MovieCategorySelectTheaterViewController.swift */,
				CFBC1CA222E02B70006B6839 /* SelectPersonCountViewController.swift */,
				CFBC1CA422E02B8B006B6839 /* SelectSeatViewController.swift */,
				CFBC1CA622E02B96006B6839 /* MyPageViewController.swift */,
			);
			path = ViewControllers;
			sourceTree = "<group>";
		};
		CFBC1C8A22E029DE006B6839 /* Views */ = {
			isa = PBXGroup;
			children = (
				CFBC1CA822E02BBB006B6839 /* LoginView.swift */,
				CFBC1CAA22E02BD2006B6839 /* NavigationDrawerView.swift */,
				CFBC1CAC22E02BDC006B6839 /* MainTopView.swift */,
				CFBC1CAE22E02BE8006B6839 /* QuickReservationView.swift */,
				CFBC1CF322E194AD006B6839 /* TheaterCategorySelectTheaterView.swift */,
				CFBC1CB022E02BFC006B6839 /* TheaterCategoryReservationView.swift */,
				CFBC1CB222E02C07006B6839 /* TheaterCategoryReservationHeaderView.swift */,
				CFBC1CB422E02C17006B6839 /* MovieCategoryReservationView.swift */,
				CFBC1CB622E02C2F006B6839 /* MovieCategorySelectTheaterView.swift */,
				CFBC1CB822E02C60006B6839 /* SelectPersonCountView.swift */,
				CFBC1CBA22E02C6E006B6839 /* MyPageTopView.swift */,
				CFBC1CBC22E02C7C006B6839 /* MyPageContentView.swift */,
				CFBC1C8B22E029F6006B6839 /* Cells */,
			);
			path = Views;
			sourceTree = "<group>";
		};
		CFBC1C8B22E029F6006B6839 /* Cells */ = {
			isa = PBXGroup;
			children = (
				CFBC1CBE22E02D0D006B6839 /* MenuTitleCell.swift */,
				CFBC1CC022E02D1F006B6839 /* MovieListCell.swift */,
				CFBC1C8C22E029FF006B6839 /* MainCells */,
				CFBC1C8F22E02A12006B6839 /* ReservationCells */,
				CFBC1C8E22E02A0C006B6839 /* NavigationDrawerCells */,
				CFBC1C8D22E02A03006B6839 /* MyPageCells */,
			);
			path = Cells;
			sourceTree = "<group>";
		};
		CFBC1C8C22E029FF006B6839 /* MainCells */ = {
			isa = PBXGroup;
			children = (
				CFBC1CC222E02D4A006B6839 /* MainTopMediaPlayCell.swift */,
				CFBC1CC422E02D62006B6839 /* MainMovieReservationCell.swift */,
				CFBC1CC622E02D79006B6839 /* MovieReservationCollectionCell.swift */,
				CFBC1CC822E02D8B006B6839 /* MainShortMenuCell.swift */,
				CFBC1CCA22E02D9C006B6839 /* MainAdCell.swift */,
				CFBC1CCC22E02DAB006B6839 /* MainEventCell.swift */,
				CFBC1CCE22E02DBE006B6839 /* EventCollectionCell.swift */,
				CFBC1CD022E02DEE006B6839 /* MainMovieBoxCell.swift */,
				CFBC1CD222E02E00006B6839 /* MainMoviePostCell.swift */,
				CFBC1CD422E02E14006B6839 /* MainBranchNewsCell.swift */,
				CFBC1CD622E02E22006B6839 /* MainNotificationCell.swift */,
			);
			path = MainCells;
			sourceTree = "<group>";
		};
		CFBC1C8D22E02A03006B6839 /* MyPageCells */ = {
			isa = PBXGroup;
			children = (
				CFBC1CE022E02EA8006B6839 /* MyPageFourContentCell.swift */,
				CFBC1CE222E02EB8006B6839 /* MyPageHeaderCell.swift */,
				CFBC1CE422E02EC8006B6839 /* MyPageOneContentCell.swift */,
				CFBC1CE822E02F02006B6839 /* MyPageTwoContentCell.swift */,
				CFBC1CE622E02ED7006B6839 /* MyPageThreeContentCell.swift */,
			);
			path = MyPageCells;
			sourceTree = "<group>";
		};
		CFBC1C8E22E02A0C006B6839 /* NavigationDrawerCells */ = {
			isa = PBXGroup;
			children = (
				CFBC1CDE22E02E86006B6839 /* NavigationDrawerCell.swift */,
				CFBC1CDC22E02E6E006B6839 /* NavigationDrawerAdCell.swift */,
			);
			path = NavigationDrawerCells;
			sourceTree = "<group>";
		};
		CFBC1C8F22E02A12006B6839 /* ReservationCells */ = {
			isa = PBXGroup;
			children = (
				CFBC1CF522E19C90006B6839 /* TheaterCategorySelectTheaterRegionCell.swift */,
				CFC9724822E5841A00199FD0 /* TheaterCategorySelectTheaterEmptyCell.swift */,
				CFBC1CF722E19CA1006B6839 /* TheaterCategorySelectTheaterRegionListCell.swift */,
				CFBC1CD822E02E41006B6839 /* TheaterCategoryAdCollectionCell.swift */,
				CFBC1CDA22E02E53006B6839 /* TheaterCategoryCell.swift */,
			);
			path = ReservationCells;
			sourceTree = "<group>";
		};
		CFBC1CEA22E1809F006B6839 /* Data */ = {
			isa = PBXGroup;
			children = (
				CFBC1CEB22E180FD006B6839 /* MovieData.swift */,
				CFBC1CEF22E1829F006B6839 /* RegionData.swift */,
				CFBC1CED22E1810B006B6839 /* NetworkService.swift */,
			);
			path = Data;
			sourceTree = "<group>";
		};
/* End PBXGroup section */

/* Begin PBXNativeTarget section */
		CFBC1C7122E0298F006B6839 /* MegaBox */ = {
			isa = PBXNativeTarget;
			buildConfigurationList = CFBC1C8422E02991006B6839 /* Build configuration list for PBXNativeTarget "MegaBox" */;
			buildPhases = (
				48C4B93EFE7EADD55E2C4E8D /* [CP] Check Pods Manifest.lock */,
				CFBC1C6E22E0298F006B6839 /* Sources */,
				CFBC1C6F22E0298F006B6839 /* Frameworks */,
				CFBC1C7022E0298F006B6839 /* Resources */,
				AEF9B7B707B6591091DD4201 /* [CP] Embed Pods Frameworks */,
			);
			buildRules = (
			);
			dependencies = (
			);
			name = MegaBox;
			productName = MegaBox;
			productReference = CFBC1C7222E0298F006B6839 /* MegaBox.app */;
			productType = "com.apple.product-type.application";
		};
/* End PBXNativeTarget section */

/* Begin PBXProject section */
		CFBC1C6A22E0298F006B6839 /* Project object */ = {
			isa = PBXProject;
			attributes = {
				LastSwiftUpdateCheck = 1020;
				LastUpgradeCheck = 1020;
				ORGANIZATIONNAME = Fury;
				TargetAttributes = {
					CFBC1C7122E0298F006B6839 = {
						CreatedOnToolsVersion = 10.2.1;
					};
				};
			};
			buildConfigurationList = CFBC1C6D22E0298F006B6839 /* Build configuration list for PBXProject "MegaBox" */;
			compatibilityVersion = "Xcode 9.3";
			developmentRegion = en;
			hasScannedForEncodings = 0;
			knownRegions = (
				en,
				Base,
			);
			mainGroup = CFBC1C6922E0298F006B6839;
			productRefGroup = CFBC1C7322E0298F006B6839 /* Products */;
			projectDirPath = "";
			projectRoot = "";
			targets = (
				CFBC1C7122E0298F006B6839 /* MegaBox */,
			);
		};
/* End PBXProject section */

/* Begin PBXResourcesBuildPhase section */
		CFBC1C7022E0298F006B6839 /* Resources */ = {
			isa = PBXResourcesBuildPhase;
			buildActionMask = 2147483647;
			files = (
				CFBC1C8022E02991006B6839 /* LaunchScreen.storyboard in Resources */,
				CFBC1C7D22E02991006B6839 /* Assets.xcassets in Resources */,
			);
			runOnlyForDeploymentPostprocessing = 0;
		};
/* End PBXResourcesBuildPhase section */

/* Begin PBXShellScriptBuildPhase section */
		48C4B93EFE7EADD55E2C4E8D /* [CP] Check Pods Manifest.lock */ = {
			isa = PBXShellScriptBuildPhase;
			buildActionMask = 2147483647;
			files = (
			);
			inputFileListPaths = (
			);
			inputPaths = (
				"${PODS_PODFILE_DIR_PATH}/Podfile.lock",
				"${PODS_ROOT}/Manifest.lock",
			);
			name = "[CP] Check Pods Manifest.lock";
			outputFileListPaths = (
			);
			outputPaths = (
				"$(DERIVED_FILE_DIR)/Pods-MegaBox-checkManifestLockResult.txt",
			);
			runOnlyForDeploymentPostprocessing = 0;
			shellPath = /bin/sh;
			shellScript = "diff \"${PODS_PODFILE_DIR_PATH}/Podfile.lock\" \"${PODS_ROOT}/Manifest.lock\" > /dev/null\nif [ $? != 0 ] ; then\n    # print error to STDERR\n    echo \"error: The sandbox is not in sync with the Podfile.lock. Run 'pod install' or update your CocoaPods installation.\" >&2\n    exit 1\nfi\n# This output is used by Xcode 'outputs' to avoid re-running this script phase.\necho \"SUCCESS\" > \"${SCRIPT_OUTPUT_FILE_0}\"\n";
			showEnvVarsInLog = 0;
		};
		AEF9B7B707B6591091DD4201 /* [CP] Embed Pods Frameworks */ = {
			isa = PBXShellScriptBuildPhase;
			buildActionMask = 2147483647;
			files = (
			);
			inputFileListPaths = (
			);
			inputPaths = (
				"${PODS_ROOT}/Target Support Files/Pods-MegaBox/Pods-MegaBox-frameworks.sh",
				"${BUILT_PRODUCTS_DIR}/Alamofire/Alamofire.framework",
			);
			name = "[CP] Embed Pods Frameworks";
			outputFileListPaths = (
			);
			outputPaths = (
				"${TARGET_BUILD_DIR}/${FRAMEWORKS_FOLDER_PATH}/Alamofire.framework",
			);
			runOnlyForDeploymentPostprocessing = 0;
			shellPath = /bin/sh;
			shellScript = "\"${PODS_ROOT}/Target Support Files/Pods-MegaBox/Pods-MegaBox-frameworks.sh\"\n";
			showEnvVarsInLog = 0;
		};
/* End PBXShellScriptBuildPhase section */

/* Begin PBXSourcesBuildPhase section */
		CFBC1C6E22E0298F006B6839 /* Sources */ = {
			isa = PBXSourcesBuildPhase;
			buildActionMask = 2147483647;
			files = (
				CFBC1C9722E02AAA006B6839 /* LoginViewController.swift in Sources */,
				CFBC1CBF22E02D0D006B6839 /* MenuTitleCell.swift in Sources */,
				CFBC1CA122E02B4C006B6839 /* MovieCategorySelectTheaterViewController.swift in Sources */,
				CFBC1CB322E02C07006B6839 /* TheaterCategoryReservationHeaderView.swift in Sources */,
				CFBC1CAD22E02BDC006B6839 /* MainTopView.swift in Sources */,
				CFBC1CE522E02EC8006B6839 /* MyPageOneContentCell.swift in Sources */,
				CFBC1C7822E0298F006B6839 /* MainViewController.swift in Sources */,
				CFBC1CC722E02D79006B6839 /* MovieReservationCollectionCell.swift in Sources */,
				CFBC1CD522E02E14006B6839 /* MainBranchNewsCell.swift in Sources */,
				CFBC1CA922E02BBB006B6839 /* LoginView.swift in Sources */,
				CFBC1CE322E02EB8006B6839 /* MyPageHeaderCell.swift in Sources */,
				CFC9724B22E5A21600199FD0 /* Color.swift in Sources */,
				CFBC1CBD22E02C7C006B6839 /* MyPageContentView.swift in Sources */,
				CFBC1CC122E02D1F006B6839 /* MovieListCell.swift in Sources */,
				CFBC1CF222E1947E006B6839 /* TheaterCategorySelectTheaterViewController.swift in Sources */,
				CFBC1CEE22E1810B006B6839 /* NetworkService.swift in Sources */,
				CFBC1C9F22E02B38006B6839 /* MovieCategoryReservationViewController.swift in Sources */,
				CFC9724922E5841A00199FD0 /* TheaterCategorySelectTheaterEmptyCell.swift in Sources */,
				CFBC1CBB22E02C6E006B6839 /* MyPageTopView.swift in Sources */,
				CFBC1CB922E02C60006B6839 /* SelectPersonCountView.swift in Sources */,
				CFBC1CAB22E02BD2006B6839 /* NavigationDrawerView.swift in Sources */,
				CFBC1CC522E02D62006B6839 /* MainMovieReservationCell.swift in Sources */,
				CFBC1CDD22E02E6E006B6839 /* NavigationDrawerAdCell.swift in Sources */,
				CFBC1C9D22E02B0F006B6839 /* TheaterCategoryReservationViewController.swift in Sources */,
				CFBC1CCF22E02DBE006B6839 /* EventCollectionCell.swift in Sources */,
				CFBC1C7622E0298F006B6839 /* AppDelegate.swift in Sources */,
				CFBC1CB122E02BFC006B6839 /* TheaterCategoryReservationView.swift in Sources */,
				CFBC1CC922E02D8B006B6839 /* MainShortMenuCell.swift in Sources */,
				CFBC1CF022E1829F006B6839 /* RegionData.swift in Sources */,
				CFBC1CB722E02C2F006B6839 /* MovieCategorySelectTheaterView.swift in Sources */,
				CFBC1CE122E02EA8006B6839 /* MyPageFourContentCell.swift in Sources */,
				CFBC1C9122E02A4A006B6839 /* Protocol.swift in Sources */,
				CFBC1CDF22E02E86006B6839 /* NavigationDrawerCell.swift in Sources */,
				CFBC1CD122E02DEE006B6839 /* MainMovieBoxCell.swift in Sources */,
				CFBC1CCD22E02DAB006B6839 /* MainEventCell.swift in Sources */,
				CFBC1CCB22E02D9C006B6839 /* MainAdCell.swift in Sources */,
				CFBC1CFE22E1A238006B6839 /* Button.swift in Sources */,
				CFBC1CE922E02F02006B6839 /* MyPageTwoContentCell.swift in Sources */,
				CFBC1CA522E02B8B006B6839 /* SelectSeatViewController.swift in Sources */,
				CFBC1CC322E02D4A006B6839 /* MainTopMediaPlayCell.swift in Sources */,
				CFBC1CE722E02ED7006B6839 /* MyPageThreeContentCell.swift in Sources */,
				CFBC1CF422E194AD006B6839 /* TheaterCategorySelectTheaterView.swift in Sources */,
				CFBC1CA322E02B70006B6839 /* SelectPersonCountViewController.swift in Sources */,
				CFBC1CEC22E180FD006B6839 /* MovieData.swift in Sources */,
				CFBC1CA722E02B96006B6839 /* MyPageViewController.swift in Sources */,
				CFBC1CD922E02E41006B6839 /* TheaterCategoryAdCollectionCell.swift in Sources */,
				CFBC1CD322E02E00006B6839 /* MainMoviePostCell.swift in Sources */,
				CFBC1CB522E02C17006B6839 /* MovieCategoryReservationView.swift in Sources */,
				CFBC1CAF22E02BE8006B6839 /* QuickReservationView.swift in Sources */,
				CFBC1CD722E02E22006B6839 /* MainNotificationCell.swift in Sources */,
				CFBC1CF622E19C90006B6839 /* TheaterCategorySelectTheaterRegionCell.swift in Sources */,
				CFBC1C9322E02A66006B6839 /* Label.swift in Sources */,
				CFBC1C9B22E02AF5006B6839 /* QuickReservationViewController.swift in Sources */,
				CFBC1C9922E02ADE006B6839 /* NavigationDrawerViewController.swift in Sources */,
				CFBC1C9522E02A95006B6839 /* StackView.swift in Sources */,
				CFBC1CDB22E02E53006B6839 /* TheaterCategoryCell.swift in Sources */,
				CFBC1CF822E19CA1006B6839 /* TheaterCategorySelectTheaterRegionListCell.swift in Sources */,
			);
			runOnlyForDeploymentPostprocessing = 0;
		};
/* End PBXSourcesBuildPhase section */

/* Begin PBXVariantGroup section */
		CFBC1C7E22E02991006B6839 /* LaunchScreen.storyboard */ = {
			isa = PBXVariantGroup;
			children = (
				CFBC1C7F22E02991006B6839 /* Base */,
			);
			name = LaunchScreen.storyboard;
			sourceTree = "<group>";
		};
/* End PBXVariantGroup section */

/* Begin XCBuildConfiguration section */
		CFBC1C8222E02991006B6839 /* Debug */ = {
			isa = XCBuildConfiguration;
			buildSettings = {
				ALWAYS_SEARCH_USER_PATHS = NO;
				CLANG_ANALYZER_NONNULL = YES;
				CLANG_ANALYZER_NUMBER_OBJECT_CONVERSION = YES_AGGRESSIVE;
				CLANG_CXX_LANGUAGE_STANDARD = "gnu++14";
				CLANG_CXX_LIBRARY = "libc++";
				CLANG_ENABLE_MODULES = YES;
				CLANG_ENABLE_OBJC_ARC = YES;
				CLANG_ENABLE_OBJC_WEAK = YES;
				CLANG_WARN_BLOCK_CAPTURE_AUTORELEASING = YES;
				CLANG_WARN_BOOL_CONVERSION = YES;
				CLANG_WARN_COMMA = YES;
				CLANG_WARN_CONSTANT_CONVERSION = YES;
				CLANG_WARN_DEPRECATED_OBJC_IMPLEMENTATIONS = YES;
				CLANG_WARN_DIRECT_OBJC_ISA_USAGE = YES_ERROR;
				CLANG_WARN_DOCUMENTATION_COMMENTS = YES;
				CLANG_WARN_EMPTY_BODY = YES;
				CLANG_WARN_ENUM_CONVERSION = YES;
				CLANG_WARN_INFINITE_RECURSION = YES;
				CLANG_WARN_INT_CONVERSION = YES;
				CLANG_WARN_NON_LITERAL_NULL_CONVERSION = YES;
				CLANG_WARN_OBJC_IMPLICIT_RETAIN_SELF = YES;
				CLANG_WARN_OBJC_LITERAL_CONVERSION = YES;
				CLANG_WARN_OBJC_ROOT_CLASS = YES_ERROR;
				CLANG_WARN_RANGE_LOOP_ANALYSIS = YES;
				CLANG_WARN_STRICT_PROTOTYPES = YES;
				CLANG_WARN_SUSPICIOUS_MOVE = YES;
				CLANG_WARN_UNGUARDED_AVAILABILITY = YES_AGGRESSIVE;
				CLANG_WARN_UNREACHABLE_CODE = YES;
				CLANG_WARN__DUPLICATE_METHOD_MATCH = YES;
				CODE_SIGN_IDENTITY = "iPhone Developer";
				COPY_PHASE_STRIP = NO;
				DEBUG_INFORMATION_FORMAT = dwarf;
				ENABLE_STRICT_OBJC_MSGSEND = YES;
				ENABLE_TESTABILITY = YES;
				GCC_C_LANGUAGE_STANDARD = gnu11;
				GCC_DYNAMIC_NO_PIC = NO;
				GCC_NO_COMMON_BLOCKS = YES;
				GCC_OPTIMIZATION_LEVEL = 0;
				GCC_PREPROCESSOR_DEFINITIONS = (
					"DEBUG=1",
					"$(inherited)",
				);
				GCC_WARN_64_TO_32_BIT_CONVERSION = YES;
				GCC_WARN_ABOUT_RETURN_TYPE = YES_ERROR;
				GCC_WARN_UNDECLARED_SELECTOR = YES;
				GCC_WARN_UNINITIALIZED_AUTOS = YES_AGGRESSIVE;
				GCC_WARN_UNUSED_FUNCTION = YES;
				GCC_WARN_UNUSED_VARIABLE = YES;
				IPHONEOS_DEPLOYMENT_TARGET = 12.2;
				MTL_ENABLE_DEBUG_INFO = INCLUDE_SOURCE;
				MTL_FAST_MATH = YES;
				ONLY_ACTIVE_ARCH = YES;
				SDKROOT = iphoneos;
				SWIFT_ACTIVE_COMPILATION_CONDITIONS = DEBUG;
				SWIFT_OPTIMIZATION_LEVEL = "-Onone";
			};
			name = Debug;
		};
		CFBC1C8322E02991006B6839 /* Release */ = {
			isa = XCBuildConfiguration;
			buildSettings = {
				ALWAYS_SEARCH_USER_PATHS = NO;
				CLANG_ANALYZER_NONNULL = YES;
				CLANG_ANALYZER_NUMBER_OBJECT_CONVERSION = YES_AGGRESSIVE;
				CLANG_CXX_LANGUAGE_STANDARD = "gnu++14";
				CLANG_CXX_LIBRARY = "libc++";
				CLANG_ENABLE_MODULES = YES;
				CLANG_ENABLE_OBJC_ARC = YES;
				CLANG_ENABLE_OBJC_WEAK = YES;
				CLANG_WARN_BLOCK_CAPTURE_AUTORELEASING = YES;
				CLANG_WARN_BOOL_CONVERSION = YES;
				CLANG_WARN_COMMA = YES;
				CLANG_WARN_CONSTANT_CONVERSION = YES;
				CLANG_WARN_DEPRECATED_OBJC_IMPLEMENTATIONS = YES;
				CLANG_WARN_DIRECT_OBJC_ISA_USAGE = YES_ERROR;
				CLANG_WARN_DOCUMENTATION_COMMENTS = YES;
				CLANG_WARN_EMPTY_BODY = YES;
				CLANG_WARN_ENUM_CONVERSION = YES;
				CLANG_WARN_INFINITE_RECURSION = YES;
				CLANG_WARN_INT_CONVERSION = YES;
				CLANG_WARN_NON_LITERAL_NULL_CONVERSION = YES;
				CLANG_WARN_OBJC_IMPLICIT_RETAIN_SELF = YES;
				CLANG_WARN_OBJC_LITERAL_CONVERSION = YES;
				CLANG_WARN_OBJC_ROOT_CLASS = YES_ERROR;
				CLANG_WARN_RANGE_LOOP_ANALYSIS = YES;
				CLANG_WARN_STRICT_PROTOTYPES = YES;
				CLANG_WARN_SUSPICIOUS_MOVE = YES;
				CLANG_WARN_UNGUARDED_AVAILABILITY = YES_AGGRESSIVE;
				CLANG_WARN_UNREACHABLE_CODE = YES;
				CLANG_WARN__DUPLICATE_METHOD_MATCH = YES;
				CODE_SIGN_IDENTITY = "iPhone Developer";
				COPY_PHASE_STRIP = NO;
				DEBUG_INFORMATION_FORMAT = "dwarf-with-dsym";
				ENABLE_NS_ASSERTIONS = NO;
				ENABLE_STRICT_OBJC_MSGSEND = YES;
				GCC_C_LANGUAGE_STANDARD = gnu11;
				GCC_NO_COMMON_BLOCKS = YES;
				GCC_WARN_64_TO_32_BIT_CONVERSION = YES;
				GCC_WARN_ABOUT_RETURN_TYPE = YES_ERROR;
				GCC_WARN_UNDECLARED_SELECTOR = YES;
				GCC_WARN_UNINITIALIZED_AUTOS = YES_AGGRESSIVE;
				GCC_WARN_UNUSED_FUNCTION = YES;
				GCC_WARN_UNUSED_VARIABLE = YES;
				IPHONEOS_DEPLOYMENT_TARGET = 12.2;
				MTL_ENABLE_DEBUG_INFO = NO;
				MTL_FAST_MATH = YES;
				SDKROOT = iphoneos;
				SWIFT_COMPILATION_MODE = wholemodule;
				SWIFT_OPTIMIZATION_LEVEL = "-O";
				VALIDATE_PRODUCT = YES;
			};
			name = Release;
		};
		CFBC1C8522E02991006B6839 /* Debug */ = {
			isa = XCBuildConfiguration;
			baseConfigurationReference = 328D43D246D883E45A2C9055 /* Pods-MegaBox.debug.xcconfig */;
			buildSettings = {
				ASSETCATALOG_COMPILER_APPICON_NAME = AppIcon;
				CODE_SIGN_STYLE = Automatic;
				DEVELOPMENT_TEAM = G4MM77V7NH;
				INFOPLIST_FILE = MegaBox/Info.plist;
				LD_RUNPATH_SEARCH_PATHS = (
					"$(inherited)",
					"@executable_path/Frameworks",
				);
				PRODUCT_BUNDLE_IDENTIFIER = org.fury.MegaBox;
				PRODUCT_NAME = "$(TARGET_NAME)";
				SWIFT_VERSION = 5.0;
				TARGETED_DEVICE_FAMILY = 1;
			};
			name = Debug;
		};
		CFBC1C8622E02991006B6839 /* Release */ = {
			isa = XCBuildConfiguration;
			baseConfigurationReference = F238FC7C9463514149694227 /* Pods-MegaBox.release.xcconfig */;
			buildSettings = {
				ASSETCATALOG_COMPILER_APPICON_NAME = AppIcon;
				CODE_SIGN_STYLE = Automatic;
				DEVELOPMENT_TEAM = G4MM77V7NH;
				INFOPLIST_FILE = MegaBox/Info.plist;
				LD_RUNPATH_SEARCH_PATHS = (
					"$(inherited)",
					"@executable_path/Frameworks",
				);
				PRODUCT_BUNDLE_IDENTIFIER = org.fury.MegaBox;
				PRODUCT_NAME = "$(TARGET_NAME)";
				SWIFT_VERSION = 5.0;
				TARGETED_DEVICE_FAMILY = 1;
			};
			name = Release;
		};
/* End XCBuildConfiguration section */

/* Begin XCConfigurationList section */
		CFBC1C6D22E0298F006B6839 /* Build configuration list for PBXProject "MegaBox" */ = {
			isa = XCConfigurationList;
			buildConfigurations = (
				CFBC1C8222E02991006B6839 /* Debug */,
				CFBC1C8322E02991006B6839 /* Release */,
			);
			defaultConfigurationIsVisible = 0;
			defaultConfigurationName = Release;
		};
		CFBC1C8422E02991006B6839 /* Build configuration list for PBXNativeTarget "MegaBox" */ = {
			isa = XCConfigurationList;
			buildConfigurations = (
				CFBC1C8522E02991006B6839 /* Debug */,
				CFBC1C8622E02991006B6839 /* Release */,
			);
			defaultConfigurationIsVisible = 0;
			defaultConfigurationName = Release;
		};
/* End XCConfigurationList section */
	};
	rootObject = CFBC1C6A22E0298F006B6839 /* Project object */;
}
