// !$*UTF8*$!
{
	archiveVersion = 1;
	classes = {
	};
	objectVersion = 50;
	objects = {

/* Begin PBXBuildFile section */
		CF35AEAF22DC3B4500BDF70E /* MainEventCell.swift in Sources */ = {isa = PBXBuildFile; fileRef = CF35AEAE22DC3B4500BDF70E /* MainEventCell.swift */; };
		CF35AEB122DC4F2B00BDF70E /* QuickReservationViewController.swift in Sources */ = {isa = PBXBuildFile; fileRef = CF35AEB022DC4F2A00BDF70E /* QuickReservationViewController.swift */; };
		CF4F3ECB22DCB7D400BC1D4E /* MainMoviePostCell.swift in Sources */ = {isa = PBXBuildFile; fileRef = CF4F3ECA22DCB7D400BC1D4E /* MainMoviePostCell.swift */; };
		CF4F3ECD22DCB98100BC1D4E /* MainBranchNewsCell.swift in Sources */ = {isa = PBXBuildFile; fileRef = CF4F3ECC22DCB98100BC1D4E /* MainBranchNewsCell.swift */; };
		CF4F3ECF22DCBD0B00BC1D4E /* MainNotificationCell.swift in Sources */ = {isa = PBXBuildFile; fileRef = CF4F3ECE22DCBD0B00BC1D4E /* MainNotificationCell.swift */; };
		CF4F3ED122DD74CF00BC1D4E /* TheaterCategoryReservationViewController.swift in Sources */ = {isa = PBXBuildFile; fileRef = CF4F3ED022DD74CF00BC1D4E /* TheaterCategoryReservationViewController.swift */; };
		CF4F3ED322DD753400BC1D4E /* TheaterCategoryReservationView.swift in Sources */ = {isa = PBXBuildFile; fileRef = CF4F3ED222DD753400BC1D4E /* TheaterCategoryReservationView.swift */; };
		CF8C20BB22CF22FA00879224 /* QuickReservationView.swift in Sources */ = {isa = PBXBuildFile; fileRef = CF8C20BA22CF22FA00879224 /* QuickReservationView.swift */; };
		CF8C20BE22CF456E00879224 /* MovieReservationCollectionViewCell.swift in Sources */ = {isa = PBXBuildFile; fileRef = CF8C20BD22CF456E00879224 /* MovieReservationCollectionViewCell.swift */; };
		CFA93DC222CDF8840025F96C /* AppDelegate.swift in Sources */ = {isa = PBXBuildFile; fileRef = CFA93DC122CDF8840025F96C /* AppDelegate.swift */; };
		CFA93DC422CDF8840025F96C /* MainViewController.swift in Sources */ = {isa = PBXBuildFile; fileRef = CFA93DC322CDF8840025F96C /* MainViewController.swift */; };
		CFA93DC922CDF8840025F96C /* Assets.xcassets in Resources */ = {isa = PBXBuildFile; fileRef = CFA93DC822CDF8840025F96C /* Assets.xcassets */; };
		CFA93DCC22CDF8840025F96C /* LaunchScreen.storyboard in Resources */ = {isa = PBXBuildFile; fileRef = CFA93DCA22CDF8840025F96C /* LaunchScreen.storyboard */; };
		CFA93DDB22CE531A0025F96C /* TextField.swift in Sources */ = {isa = PBXBuildFile; fileRef = CFA93DDA22CE531A0025F96C /* TextField.swift */; };
		CFA93DDD22CE53210025F96C /* Label.swift in Sources */ = {isa = PBXBuildFile; fileRef = CFA93DDC22CE53210025F96C /* Label.swift */; };
		CFD3BB8F22D4E4FD0099B582 /* NavigationDrawerViewController.swift in Sources */ = {isa = PBXBuildFile; fileRef = CFD3BB8E22D4E4FD0099B582 /* NavigationDrawerViewController.swift */; };
		CFD3BB9122D4E5290099B582 /* NavigationDrawerView.swift in Sources */ = {isa = PBXBuildFile; fileRef = CFD3BB9022D4E5290099B582 /* NavigationDrawerView.swift */; };
		CFD3BB9322D58A9A0099B582 /* MainTopView.swift in Sources */ = {isa = PBXBuildFile; fileRef = CFD3BB9222D58A9A0099B582 /* MainTopView.swift */; };
		CFD3BB9522D58CFA0099B582 /* MainTopMediaPlayCell.swift in Sources */ = {isa = PBXBuildFile; fileRef = CFD3BB9422D58CFA0099B582 /* MainTopMediaPlayCell.swift */; };
		CFD3BB9822D5AC670099B582 /* MainMovieReservationCell.swift in Sources */ = {isa = PBXBuildFile; fileRef = CFD3BB9722D5AC670099B582 /* MainMovieReservationCell.swift */; };
		CFD3BB9A22D5B0900099B582 /* MainAdCell.swift in Sources */ = {isa = PBXBuildFile; fileRef = CFD3BB9922D5B0900099B582 /* MainAdCell.swift */; };
		CFD3BB9C22D5B0A60099B582 /* MainShortMenuCell.swift in Sources */ = {isa = PBXBuildFile; fileRef = CFD3BB9B22D5B0A60099B582 /* MainShortMenuCell.swift */; };
		CFD3BB9E22D5B46D0099B582 /* CALayer.swift in Sources */ = {isa = PBXBuildFile; fileRef = CFD3BB9D22D5B46D0099B582 /* CALayer.swift */; };
		CFD3BBA222D5CA960099B582 /* MainMovieBoxCell.swift in Sources */ = {isa = PBXBuildFile; fileRef = CFD3BBA122D5CA960099B582 /* MainMovieBoxCell.swift */; };
		CFD3BBA422D5D26E0099B582 /* UIApplication.swift in Sources */ = {isa = PBXBuildFile; fileRef = CFD3BBA322D5D26E0099B582 /* UIApplication.swift */; };
		CFD3BBA622D7517A0099B582 /* NavigationDrawerCell.swift in Sources */ = {isa = PBXBuildFile; fileRef = CFD3BBA522D7517A0099B582 /* NavigationDrawerCell.swift */; };
		CFD3BBA822D7519A0099B582 /* NavigationDrawerAdCell.swift in Sources */ = {isa = PBXBuildFile; fileRef = CFD3BBA722D7519A0099B582 /* NavigationDrawerAdCell.swift */; };
		E603EC2B22D09BBA0011E985 /* MovieCategoryReservationViewController.swift in Sources */ = {isa = PBXBuildFile; fileRef = E603EC2A22D09BBA0011E985 /* MovieCategoryReservationViewController.swift */; };
		E61845AF22D2ED06004B1346 /* MovieCategoryReservationView.swift in Sources */ = {isa = PBXBuildFile; fileRef = E61845AE22D2ED06004B1346 /* MovieCategoryReservationView.swift */; };
		E61845B122D2ED45004B1346 /* MenuTitleCell.swift in Sources */ = {isa = PBXBuildFile; fileRef = E61845B022D2ED45004B1346 /* MenuTitleCell.swift */; };
		E61845B422D2ED9F004B1346 /* Protocol.swift in Sources */ = {isa = PBXBuildFile; fileRef = E61845B322D2ED9F004B1346 /* Protocol.swift */; };
		E61845B622D307E6004B1346 /* MovieListCell.swift in Sources */ = {isa = PBXBuildFile; fileRef = E61845B522D307E6004B1346 /* MovieListCell.swift */; };
/* End PBXBuildFile section */

/* Begin PBXFileReference section */
		CF35AEAE22DC3B4500BDF70E /* MainEventCell.swift */ = {isa = PBXFileReference; lastKnownFileType = sourcecode.swift; path = MainEventCell.swift; sourceTree = "<group>"; };
		CF35AEB022DC4F2A00BDF70E /* QuickReservationViewController.swift */ = {isa = PBXFileReference; fileEncoding = 4; lastKnownFileType = sourcecode.swift; path = QuickReservationViewController.swift; sourceTree = "<group>"; };
		CF4F3ECA22DCB7D400BC1D4E /* MainMoviePostCell.swift */ = {isa = PBXFileReference; lastKnownFileType = sourcecode.swift; path = MainMoviePostCell.swift; sourceTree = "<group>"; };
		CF4F3ECC22DCB98100BC1D4E /* MainBranchNewsCell.swift */ = {isa = PBXFileReference; lastKnownFileType = sourcecode.swift; path = MainBranchNewsCell.swift; sourceTree = "<group>"; };
		CF4F3ECE22DCBD0B00BC1D4E /* MainNotificationCell.swift */ = {isa = PBXFileReference; lastKnownFileType = sourcecode.swift; path = MainNotificationCell.swift; sourceTree = "<group>"; };
		CF4F3ED022DD74CF00BC1D4E /* TheaterCategoryReservationViewController.swift */ = {isa = PBXFileReference; lastKnownFileType = sourcecode.swift; path = TheaterCategoryReservationViewController.swift; sourceTree = "<group>"; };
		CF4F3ED222DD753400BC1D4E /* TheaterCategoryReservationView.swift */ = {isa = PBXFileReference; lastKnownFileType = sourcecode.swift; path = TheaterCategoryReservationView.swift; sourceTree = "<group>"; };
		CF8C20BA22CF22FA00879224 /* QuickReservationView.swift */ = {isa = PBXFileReference; lastKnownFileType = sourcecode.swift; path = QuickReservationView.swift; sourceTree = "<group>"; };
		CF8C20BD22CF456E00879224 /* MovieReservationCollectionViewCell.swift */ = {isa = PBXFileReference; lastKnownFileType = sourcecode.swift; path = MovieReservationCollectionViewCell.swift; sourceTree = "<group>"; };
		CFA93DBE22CDF8840025F96C /* MegaBox.app */ = {isa = PBXFileReference; explicitFileType = wrapper.application; includeInIndex = 0; path = MegaBox.app; sourceTree = BUILT_PRODUCTS_DIR; };
		CFA93DC122CDF8840025F96C /* AppDelegate.swift */ = {isa = PBXFileReference; lastKnownFileType = sourcecode.swift; path = AppDelegate.swift; sourceTree = "<group>"; };
		CFA93DC322CDF8840025F96C /* MainViewController.swift */ = {isa = PBXFileReference; lastKnownFileType = sourcecode.swift; path = MainViewController.swift; sourceTree = "<group>"; };
		CFA93DC822CDF8840025F96C /* Assets.xcassets */ = {isa = PBXFileReference; lastKnownFileType = folder.assetcatalog; path = Assets.xcassets; sourceTree = "<group>"; };
		CFA93DCB22CDF8840025F96C /* Base */ = {isa = PBXFileReference; lastKnownFileType = file.storyboard; name = Base; path = Base.lproj/LaunchScreen.storyboard; sourceTree = "<group>"; };
		CFA93DCD22CDF8840025F96C /* Info.plist */ = {isa = PBXFileReference; lastKnownFileType = text.plist.xml; path = Info.plist; sourceTree = "<group>"; };
		CFA93DDA22CE531A0025F96C /* TextField.swift */ = {isa = PBXFileReference; lastKnownFileType = sourcecode.swift; path = TextField.swift; sourceTree = "<group>"; };
		CFA93DDC22CE53210025F96C /* Label.swift */ = {isa = PBXFileReference; lastKnownFileType = sourcecode.swift; path = Label.swift; sourceTree = "<group>"; };
		CFD3BB8E22D4E4FD0099B582 /* NavigationDrawerViewController.swift */ = {isa = PBXFileReference; lastKnownFileType = sourcecode.swift; path = NavigationDrawerViewController.swift; sourceTree = "<group>"; };
		CFD3BB9022D4E5290099B582 /* NavigationDrawerView.swift */ = {isa = PBXFileReference; lastKnownFileType = sourcecode.swift; path = NavigationDrawerView.swift; sourceTree = "<group>"; };
		CFD3BB9222D58A9A0099B582 /* MainTopView.swift */ = {isa = PBXFileReference; lastKnownFileType = sourcecode.swift; path = MainTopView.swift; sourceTree = "<group>"; };
		CFD3BB9422D58CFA0099B582 /* MainTopMediaPlayCell.swift */ = {isa = PBXFileReference; lastKnownFileType = sourcecode.swift; path = MainTopMediaPlayCell.swift; sourceTree = "<group>"; };
		CFD3BB9722D5AC670099B582 /* MainMovieReservationCell.swift */ = {isa = PBXFileReference; lastKnownFileType = sourcecode.swift; path = MainMovieReservationCell.swift; sourceTree = "<group>"; };
		CFD3BB9922D5B0900099B582 /* MainAdCell.swift */ = {isa = PBXFileReference; lastKnownFileType = sourcecode.swift; path = MainAdCell.swift; sourceTree = "<group>"; };
		CFD3BB9B22D5B0A60099B582 /* MainShortMenuCell.swift */ = {isa = PBXFileReference; lastKnownFileType = sourcecode.swift; path = MainShortMenuCell.swift; sourceTree = "<group>"; };
		CFD3BB9D22D5B46D0099B582 /* CALayer.swift */ = {isa = PBXFileReference; lastKnownFileType = sourcecode.swift; path = CALayer.swift; sourceTree = "<group>"; };
		CFD3BBA122D5CA960099B582 /* MainMovieBoxCell.swift */ = {isa = PBXFileReference; lastKnownFileType = sourcecode.swift; path = MainMovieBoxCell.swift; sourceTree = "<group>"; };
		CFD3BBA322D5D26E0099B582 /* UIApplication.swift */ = {isa = PBXFileReference; lastKnownFileType = sourcecode.swift; path = UIApplication.swift; sourceTree = "<group>"; };
		CFD3BBA522D7517A0099B582 /* NavigationDrawerCell.swift */ = {isa = PBXFileReference; lastKnownFileType = sourcecode.swift; path = NavigationDrawerCell.swift; sourceTree = "<group>"; };
		CFD3BBA722D7519A0099B582 /* NavigationDrawerAdCell.swift */ = {isa = PBXFileReference; lastKnownFileType = sourcecode.swift; path = NavigationDrawerAdCell.swift; sourceTree = "<group>"; };
		E603EC2A22D09BBA0011E985 /* MovieCategoryReservationViewController.swift */ = {isa = PBXFileReference; lastKnownFileType = sourcecode.swift; path = MovieCategoryReservationViewController.swift; sourceTree = "<group>"; };
		E61845AE22D2ED06004B1346 /* MovieCategoryReservationView.swift */ = {isa = PBXFileReference; lastKnownFileType = sourcecode.swift; path = MovieCategoryReservationView.swift; sourceTree = "<group>"; };
		E61845B022D2ED45004B1346 /* MenuTitleCell.swift */ = {isa = PBXFileReference; lastKnownFileType = sourcecode.swift; path = MenuTitleCell.swift; sourceTree = "<group>"; };
		E61845B322D2ED9F004B1346 /* Protocol.swift */ = {isa = PBXFileReference; lastKnownFileType = sourcecode.swift; path = Protocol.swift; sourceTree = "<group>"; };
		E61845B522D307E6004B1346 /* MovieListCell.swift */ = {isa = PBXFileReference; lastKnownFileType = sourcecode.swift; path = MovieListCell.swift; sourceTree = "<group>"; };
/* End PBXFileReference section */

/* Begin PBXFrameworksBuildPhase section */
		CFA93DBB22CDF8840025F96C /* Frameworks */ = {
			isa = PBXFrameworksBuildPhase;
			buildActionMask = 2147483647;
			files = (
			);
			runOnlyForDeploymentPostprocessing = 0;
		};
/* End PBXFrameworksBuildPhase section */

/* Begin PBXGroup section */
		CF8C20BC22CF455600879224 /* Cells */ = {
			isa = PBXGroup;
			children = (
				E61845B022D2ED45004B1346 /* MenuTitleCell.swift */,
				E61845B522D307E6004B1346 /* MovieListCell.swift */,
				CFD3BB9622D58CFD0099B582 /* MainCells */,
				CFD3BBA922D7519C0099B582 /* NavigationDrawerCells */,
			);
			path = Cells;
			sourceTree = "<group>";
		};
		CFA93DB522CDF8840025F96C = {
			isa = PBXGroup;
			children = (
				CFA93DC022CDF8840025F96C /* MegaBox */,
				CFA93DBF22CDF8840025F96C /* Products */,
			);
			sourceTree = "<group>";
		};
		CFA93DBF22CDF8840025F96C /* Products */ = {
			isa = PBXGroup;
			children = (
				CFA93DBE22CDF8840025F96C /* MegaBox.app */,
			);
			name = Products;
			sourceTree = "<group>";
		};
		CFA93DC022CDF8840025F96C /* MegaBox */ = {
			isa = PBXGroup;
			children = (
				CFA93DC122CDF8840025F96C /* AppDelegate.swift */,
				CFA93DCA22CDF8840025F96C /* LaunchScreen.storyboard */,
				E61845B222D2ED93004B1346 /* Util */,
				CFA93DD922CE52A70025F96C /* Extensions */,
				CFA93DD422CDF8910025F96C /* ViewControllers */,
				CFA93DD322CDF88E0025F96C /* Views */,
				CFA93DC822CDF8840025F96C /* Assets.xcassets */,
				CFA93DCD22CDF8840025F96C /* Info.plist */,
			);
			path = MegaBox;
			sourceTree = "<group>";
		};
		CFA93DD322CDF88E0025F96C /* Views */ = {
			isa = PBXGroup;
			children = (
				CFD3BB9222D58A9A0099B582 /* MainTopView.swift */,
				CF8C20BA22CF22FA00879224 /* QuickReservationView.swift */,
				CF4F3ED222DD753400BC1D4E /* TheaterCategoryReservationView.swift */,
				E61845AE22D2ED06004B1346 /* MovieCategoryReservationView.swift */,
				CFD3BB9022D4E5290099B582 /* NavigationDrawerView.swift */,
				CF8C20BC22CF455600879224 /* Cells */,
			);
			path = Views;
			sourceTree = "<group>";
		};
		CFA93DD422CDF8910025F96C /* ViewControllers */ = {
			isa = PBXGroup;
			children = (
				CFA93DC322CDF8840025F96C /* MainViewController.swift */,
				CF35AEB022DC4F2A00BDF70E /* QuickReservationViewController.swift */,
				CF4F3ED022DD74CF00BC1D4E /* TheaterCategoryReservationViewController.swift */,
				E603EC2A22D09BBA0011E985 /* MovieCategoryReservationViewController.swift */,
				CFD3BB8E22D4E4FD0099B582 /* NavigationDrawerViewController.swift */,
			);
			path = ViewControllers;
			sourceTree = "<group>";
		};
		CFA93DD922CE52A70025F96C /* Extensions */ = {
			isa = PBXGroup;
			children = (
				CFA93DDA22CE531A0025F96C /* TextField.swift */,
				CFA93DDC22CE53210025F96C /* Label.swift */,
				CFD3BB9D22D5B46D0099B582 /* CALayer.swift */,
				CFD3BBA322D5D26E0099B582 /* UIApplication.swift */,
			);
			path = Extensions;
			sourceTree = "<group>";
		};
		CFD3BB9622D58CFD0099B582 /* MainCells */ = {
			isa = PBXGroup;
			children = (
				CFD3BB9422D58CFA0099B582 /* MainTopMediaPlayCell.swift */,
				CFD3BB9722D5AC670099B582 /* MainMovieReservationCell.swift */,
				CF8C20BD22CF456E00879224 /* MovieReservationCollectionViewCell.swift */,
				CFD3BB9B22D5B0A60099B582 /* MainShortMenuCell.swift */,
				CFD3BB9922D5B0900099B582 /* MainAdCell.swift */,
				CF35AEAE22DC3B4500BDF70E /* MainEventCell.swift */,
				CFD3BBA122D5CA960099B582 /* MainMovieBoxCell.swift */,
				CF4F3ECA22DCB7D400BC1D4E /* MainMoviePostCell.swift */,
				CF4F3ECC22DCB98100BC1D4E /* MainBranchNewsCell.swift */,
				CF4F3ECE22DCBD0B00BC1D4E /* MainNotificationCell.swift */,
			);
			path = MainCells;
			sourceTree = "<group>";
		};
		CFD3BBA922D7519C0099B582 /* NavigationDrawerCells */ = {
			isa = PBXGroup;
			children = (
				CFD3BBA522D7517A0099B582 /* NavigationDrawerCell.swift */,
				CFD3BBA722D7519A0099B582 /* NavigationDrawerAdCell.swift */,
			);
			path = NavigationDrawerCells;
			sourceTree = "<group>";
		};
		E61845B222D2ED93004B1346 /* Util */ = {
			isa = PBXGroup;
			children = (
				E61845B322D2ED9F004B1346 /* Protocol.swift */,
			);
			path = Util;
			sourceTree = "<group>";
		};
/* End PBXGroup section */

/* Begin PBXNativeTarget section */
		CFA93DBD22CDF8840025F96C /* MegaBox */ = {
			isa = PBXNativeTarget;
			buildConfigurationList = CFA93DD022CDF8840025F96C /* Build configuration list for PBXNativeTarget "MegaBox" */;
			buildPhases = (
				CFA93DBA22CDF8840025F96C /* Sources */,
				CFA93DBB22CDF8840025F96C /* Frameworks */,
				CFA93DBC22CDF8840025F96C /* Resources */,
			);
			buildRules = (
			);
			dependencies = (
			);
			name = MegaBox;
			productName = MegaBox;
			productReference = CFA93DBE22CDF8840025F96C /* MegaBox.app */;
			productType = "com.apple.product-type.application";
		};
/* End PBXNativeTarget section */

/* Begin PBXProject section */
		CFA93DB622CDF8840025F96C /* Project object */ = {
			isa = PBXProject;
			attributes = {
				LastSwiftUpdateCheck = 1020;
				LastUpgradeCheck = 1020;
				ORGANIZATIONNAME = Fury;
				TargetAttributes = {
					CFA93DBD22CDF8840025F96C = {
						CreatedOnToolsVersion = 10.2.1;
					};
				};
			};
			buildConfigurationList = CFA93DB922CDF8840025F96C /* Build configuration list for PBXProject "MegaBox" */;
			compatibilityVersion = "Xcode 9.3";
			developmentRegion = en;
			hasScannedForEncodings = 0;
			knownRegions = (
				en,
				Base,
			);
			mainGroup = CFA93DB522CDF8840025F96C;
			productRefGroup = CFA93DBF22CDF8840025F96C /* Products */;
			projectDirPath = "";
			projectRoot = "";
			targets = (
				CFA93DBD22CDF8840025F96C /* MegaBox */,
			);
		};
/* End PBXProject section */

/* Begin PBXResourcesBuildPhase section */
		CFA93DBC22CDF8840025F96C /* Resources */ = {
			isa = PBXResourcesBuildPhase;
			buildActionMask = 2147483647;
			files = (
				CFA93DCC22CDF8840025F96C /* LaunchScreen.storyboard in Resources */,
				CFA93DC922CDF8840025F96C /* Assets.xcassets in Resources */,
			);
			runOnlyForDeploymentPostprocessing = 0;
		};
/* End PBXResourcesBuildPhase section */

/* Begin PBXSourcesBuildPhase section */
		CFA93DBA22CDF8840025F96C /* Sources */ = {
			isa = PBXSourcesBuildPhase;
			buildActionMask = 2147483647;
			files = (
				CFD3BBA422D5D26E0099B582 /* UIApplication.swift in Sources */,
				CF4F3ED322DD753400BC1D4E /* TheaterCategoryReservationView.swift in Sources */,
				CF35AEB122DC4F2B00BDF70E /* QuickReservationViewController.swift in Sources */,
				E61845B122D2ED45004B1346 /* MenuTitleCell.swift in Sources */,
				CFD3BB9522D58CFA0099B582 /* MainTopMediaPlayCell.swift in Sources */,
				CFD3BB9C22D5B0A60099B582 /* MainShortMenuCell.swift in Sources */,
				CF4F3ECB22DCB7D400BC1D4E /* MainMoviePostCell.swift in Sources */,
				CF4F3ED122DD74CF00BC1D4E /* TheaterCategoryReservationViewController.swift in Sources */,
				E61845B422D2ED9F004B1346 /* Protocol.swift in Sources */,
				CFA93DC422CDF8840025F96C /* MainViewController.swift in Sources */,
				CFD3BBA222D5CA960099B582 /* MainMovieBoxCell.swift in Sources */,
				CFA93DDD22CE53210025F96C /* Label.swift in Sources */,
				CFD3BB9122D4E5290099B582 /* NavigationDrawerView.swift in Sources */,
				CF4F3ECD22DCB98100BC1D4E /* MainBranchNewsCell.swift in Sources */,
				CFD3BB9822D5AC670099B582 /* MainMovieReservationCell.swift in Sources */,
				E61845AF22D2ED06004B1346 /* MovieCategoryReservationView.swift in Sources */,
				CFD3BB9322D58A9A0099B582 /* MainTopView.swift in Sources */,
				CF35AEAF22DC3B4500BDF70E /* MainEventCell.swift in Sources */,
				E61845B622D307E6004B1346 /* MovieListCell.swift in Sources */,
				CFA93DDB22CE531A0025F96C /* TextField.swift in Sources */,
				E603EC2B22D09BBA0011E985 /* MovieCategoryReservationViewController.swift in Sources */,
				CFD3BB9A22D5B0900099B582 /* MainAdCell.swift in Sources */,
				CFD3BBA822D7519A0099B582 /* NavigationDrawerAdCell.swift in Sources */,
				CFD3BB8F22D4E4FD0099B582 /* NavigationDrawerViewController.swift in Sources */,
				CFD3BBA622D7517A0099B582 /* NavigationDrawerCell.swift in Sources */,
				CFA93DC222CDF8840025F96C /* AppDelegate.swift in Sources */,
				CFD3BB9E22D5B46D0099B582 /* CALayer.swift in Sources */,
				CF4F3ECF22DCBD0B00BC1D4E /* MainNotificationCell.swift in Sources */,
				CF8C20BB22CF22FA00879224 /* QuickReservationView.swift in Sources */,
				CF8C20BE22CF456E00879224 /* MovieReservationCollectionViewCell.swift in Sources */,
			);
			runOnlyForDeploymentPostprocessing = 0;
		};
/* End PBXSourcesBuildPhase section */

/* Begin PBXVariantGroup section */
		CFA93DCA22CDF8840025F96C /* LaunchScreen.storyboard */ = {
			isa = PBXVariantGroup;
			children = (
				CFA93DCB22CDF8840025F96C /* Base */,
			);
			name = LaunchScreen.storyboard;
			sourceTree = "<group>";
		};
/* End PBXVariantGroup section */

/* Begin XCBuildConfiguration section */
		CFA93DCE22CDF8840025F96C /* Debug */ = {
			isa = XCBuildConfiguration;
			buildSettings = {
				ALWAYS_SEARCH_USER_PATHS = NO;
				CLANG_ANALYZER_NONNULL = YES;
				CLANG_ANALYZER_NUMBER_OBJECT_CONVERSION = YES_AGGRESSIVE;
				CLANG_CXX_LANGUAGE_STANDARD = "gnu++14";
				CLANG_CXX_LIBRARY = "libc++";
				CLANG_ENABLE_MODULES = YES;
				CLANG_ENABLE_OBJC_ARC = YES;
				CLANG_ENABLE_OBJC_WEAK = YES;
				CLANG_WARN_BLOCK_CAPTURE_AUTORELEASING = YES;
				CLANG_WARN_BOOL_CONVERSION = YES;
				CLANG_WARN_COMMA = YES;
				CLANG_WARN_CONSTANT_CONVERSION = YES;
				CLANG_WARN_DEPRECATED_OBJC_IMPLEMENTATIONS = YES;
				CLANG_WARN_DIRECT_OBJC_ISA_USAGE = YES_ERROR;
				CLANG_WARN_DOCUMENTATION_COMMENTS = YES;
				CLANG_WARN_EMPTY_BODY = YES;
				CLANG_WARN_ENUM_CONVERSION = YES;
				CLANG_WARN_INFINITE_RECURSION = YES;
				CLANG_WARN_INT_CONVERSION = YES;
				CLANG_WARN_NON_LITERAL_NULL_CONVERSION = YES;
				CLANG_WARN_OBJC_IMPLICIT_RETAIN_SELF = YES;
				CLANG_WARN_OBJC_LITERAL_CONVERSION = YES;
				CLANG_WARN_OBJC_ROOT_CLASS = YES_ERROR;
				CLANG_WARN_RANGE_LOOP_ANALYSIS = YES;
				CLANG_WARN_STRICT_PROTOTYPES = YES;
				CLANG_WARN_SUSPICIOUS_MOVE = YES;
				CLANG_WARN_UNGUARDED_AVAILABILITY = YES_AGGRESSIVE;
				CLANG_WARN_UNREACHABLE_CODE = YES;
				CLANG_WARN__DUPLICATE_METHOD_MATCH = YES;
				CODE_SIGN_IDENTITY = "iPhone Developer";
				COPY_PHASE_STRIP = NO;
				DEBUG_INFORMATION_FORMAT = dwarf;
				ENABLE_STRICT_OBJC_MSGSEND = YES;
				ENABLE_TESTABILITY = YES;
				GCC_C_LANGUAGE_STANDARD = gnu11;
				GCC_DYNAMIC_NO_PIC = NO;
				GCC_NO_COMMON_BLOCKS = YES;
				GCC_OPTIMIZATION_LEVEL = 0;
				GCC_PREPROCESSOR_DEFINITIONS = (
					"DEBUG=1",
					"$(inherited)",
				);
				GCC_WARN_64_TO_32_BIT_CONVERSION = YES;
				GCC_WARN_ABOUT_RETURN_TYPE = YES_ERROR;
				GCC_WARN_UNDECLARED_SELECTOR = YES;
				GCC_WARN_UNINITIALIZED_AUTOS = YES_AGGRESSIVE;
				GCC_WARN_UNUSED_FUNCTION = YES;
				GCC_WARN_UNUSED_VARIABLE = YES;
				IPHONEOS_DEPLOYMENT_TARGET = 12.2;
				MTL_ENABLE_DEBUG_INFO = INCLUDE_SOURCE;
				MTL_FAST_MATH = YES;
				ONLY_ACTIVE_ARCH = YES;
				SDKROOT = iphoneos;
				SWIFT_ACTIVE_COMPILATION_CONDITIONS = DEBUG;
				SWIFT_OPTIMIZATION_LEVEL = "-Onone";
			};
			name = Debug;
		};
		CFA93DCF22CDF8840025F96C /* Release */ = {
			isa = XCBuildConfiguration;
			buildSettings = {
				ALWAYS_SEARCH_USER_PATHS = NO;
				CLANG_ANALYZER_NONNULL = YES;
				CLANG_ANALYZER_NUMBER_OBJECT_CONVERSION = YES_AGGRESSIVE;
				CLANG_CXX_LANGUAGE_STANDARD = "gnu++14";
				CLANG_CXX_LIBRARY = "libc++";
				CLANG_ENABLE_MODULES = YES;
				CLANG_ENABLE_OBJC_ARC = YES;
				CLANG_ENABLE_OBJC_WEAK = YES;
				CLANG_WARN_BLOCK_CAPTURE_AUTORELEASING = YES;
				CLANG_WARN_BOOL_CONVERSION = YES;
				CLANG_WARN_COMMA = YES;
				CLANG_WARN_CONSTANT_CONVERSION = YES;
				CLANG_WARN_DEPRECATED_OBJC_IMPLEMENTATIONS = YES;
				CLANG_WARN_DIRECT_OBJC_ISA_USAGE = YES_ERROR;
				CLANG_WARN_DOCUMENTATION_COMMENTS = YES;
				CLANG_WARN_EMPTY_BODY = YES;
				CLANG_WARN_ENUM_CONVERSION = YES;
				CLANG_WARN_INFINITE_RECURSION = YES;
				CLANG_WARN_INT_CONVERSION = YES;
				CLANG_WARN_NON_LITERAL_NULL_CONVERSION = YES;
				CLANG_WARN_OBJC_IMPLICIT_RETAIN_SELF = YES;
				CLANG_WARN_OBJC_LITERAL_CONVERSION = YES;
				CLANG_WARN_OBJC_ROOT_CLASS = YES_ERROR;
				CLANG_WARN_RANGE_LOOP_ANALYSIS = YES;
				CLANG_WARN_STRICT_PROTOTYPES = YES;
				CLANG_WARN_SUSPICIOUS_MOVE = YES;
				CLANG_WARN_UNGUARDED_AVAILABILITY = YES_AGGRESSIVE;
				CLANG_WARN_UNREACHABLE_CODE = YES;
				CLANG_WARN__DUPLICATE_METHOD_MATCH = YES;
				CODE_SIGN_IDENTITY = "iPhone Developer";
				COPY_PHASE_STRIP = NO;
				DEBUG_INFORMATION_FORMAT = "dwarf-with-dsym";
				ENABLE_NS_ASSERTIONS = NO;
				ENABLE_STRICT_OBJC_MSGSEND = YES;
				GCC_C_LANGUAGE_STANDARD = gnu11;
				GCC_NO_COMMON_BLOCKS = YES;
				GCC_WARN_64_TO_32_BIT_CONVERSION = YES;
				GCC_WARN_ABOUT_RETURN_TYPE = YES_ERROR;
				GCC_WARN_UNDECLARED_SELECTOR = YES;
				GCC_WARN_UNINITIALIZED_AUTOS = YES_AGGRESSIVE;
				GCC_WARN_UNUSED_FUNCTION = YES;
				GCC_WARN_UNUSED_VARIABLE = YES;
				IPHONEOS_DEPLOYMENT_TARGET = 12.2;
				MTL_ENABLE_DEBUG_INFO = NO;
				MTL_FAST_MATH = YES;
				SDKROOT = iphoneos;
				SWIFT_COMPILATION_MODE = wholemodule;
				SWIFT_OPTIMIZATION_LEVEL = "-O";
				VALIDATE_PRODUCT = YES;
			};
			name = Release;
		};
		CFA93DD122CDF8840025F96C /* Debug */ = {
			isa = XCBuildConfiguration;
			buildSettings = {
				ASSETCATALOG_COMPILER_APPICON_NAME = AppIcon;
				CODE_SIGN_STYLE = Automatic;
				DEVELOPMENT_TEAM = G4MM77V7NH;
				INFOPLIST_FILE = MegaBox/Info.plist;
				LD_RUNPATH_SEARCH_PATHS = (
					"$(inherited)",
					"@executable_path/Frameworks",
				);
				PRODUCT_BUNDLE_IDENTIFIER = org.fury.MegaBox;
				PRODUCT_NAME = "$(TARGET_NAME)";
				SWIFT_VERSION = 5.0;
				TARGETED_DEVICE_FAMILY = 1;
			};
			name = Debug;
		};
		CFA93DD222CDF8840025F96C /* Release */ = {
			isa = XCBuildConfiguration;
			buildSettings = {
				ASSETCATALOG_COMPILER_APPICON_NAME = AppIcon;
				CODE_SIGN_STYLE = Automatic;
				DEVELOPMENT_TEAM = G4MM77V7NH;
				INFOPLIST_FILE = MegaBox/Info.plist;
				LD_RUNPATH_SEARCH_PATHS = (
					"$(inherited)",
					"@executable_path/Frameworks",
				);
				PRODUCT_BUNDLE_IDENTIFIER = org.fury.MegaBox;
				PRODUCT_NAME = "$(TARGET_NAME)";
				SWIFT_VERSION = 5.0;
				TARGETED_DEVICE_FAMILY = 1;
			};
			name = Release;
		};
/* End XCBuildConfiguration section */

/* Begin XCConfigurationList section */
		CFA93DB922CDF8840025F96C /* Build configuration list for PBXProject "MegaBox" */ = {
			isa = XCConfigurationList;
			buildConfigurations = (
				CFA93DCE22CDF8840025F96C /* Debug */,
				CFA93DCF22CDF8840025F96C /* Release */,
			);
			defaultConfigurationIsVisible = 0;
			defaultConfigurationName = Release;
		};
		CFA93DD022CDF8840025F96C /* Build configuration list for PBXNativeTarget "MegaBox" */ = {
			isa = XCConfigurationList;
			buildConfigurations = (
				CFA93DD122CDF8840025F96C /* Debug */,
				CFA93DD222CDF8840025F96C /* Release */,
			);
			defaultConfigurationIsVisible = 0;
			defaultConfigurationName = Release;
		};
/* End XCConfigurationList section */
	};
	rootObject = CFA93DB622CDF8840025F96C /* Project object */;
}
